# This file is automatically @generated by Poetry 2.2.1 and should not be changed by hand.

[[package]]
name = "commonmark"
version = "0.9.1"
description = "Python parser for the CommonMark Markdown spec"
optional = true
python-versions = "*"
groups = ["main"]
markers = "extra == \"cli\""
files = [
    {file = "commonmark-0.9.1-py2.py3-none-any.whl", hash = "sha256:da2f38c92590f83de410ba1a3cbceafbc74fee9def35f9251ba9a971d6d66fd9"},
    {file = "commonmark-0.9.1.tar.gz", hash = "sha256:452f9dc859be7f06631ddcb328b6919c67984aca654e5fefb3914d54691aed60"},
]

[package.extras]
test = ["flake8 (==3.7.8)", "hypothesis (==3.55.3)"]

[[package]]
name = "grpcio"
version = "1.80.0"
description = "HTTP/2-based RPC framework"
optional = false
python-versions = ">=3.9"
groups = ["main"]
files = [
    {file = "grpcio-1.80.0-cp310-cp310-linux_armv7l.whl", hash = "sha256:886457a7768e408cdce226ad1ca67d2958917d306523a0e21e1a2fdaa75c9c9c"},
    {file = "grpcio-1.80.0-cp310-cp310-macosx_11_0_universal2.whl", hash = "sha256:7b641fc3f1dc647bfd80bd713addc68f6d145956f64677e56d9ebafc0bd72388"},
    {file = "grpcio-1.80.0-cp310-cp310-manylinux2014_aarch64.manylinux_2_17_aarch64.whl", hash = "sha256:33eb763f18f006dc7fee1e69831d38d23f5eccd15b2e0f92a13ee1d9242e5e02"},
    {file = "grpcio-1.80.0-cp310-cp310-manylinux2014_i686.manylinux_2_17_i686.whl", hash = "sha256:52d143637e3872633fc7dd7c3c6a1c84e396b359f3a72e215f8bf69fd82084fc"},
    {file = "grpcio-1.80.0-cp310-cp310-manylinux2014_x86_64.manylinux_2_17_x86_64.whl", hash = "sha256:c51bf8ac4575af2e0678bccfb07e47321fc7acb5049b4482832c5c195e04e13a"},
    {file = "grpcio-1.80.0-cp310-cp310-musllinux_1_2_aarch64.whl", hash = "sha256:50a9871536d71c4fba24ee856abc03a87764570f0c457dd8db0b4018f379fed9"},
    {file = "grpcio-1.80.0-cp310-cp310-musllinux_1_2_i686.whl", hash = "sha256:a72d84ad0514db063e21887fbacd1fd7acb4d494a564cae22227cd45c7fbf199"},
    {file = "grpcio-1.80.0-cp310-cp310-musllinux_1_2_x86_64.whl", hash = "sha256:f7691a6788ad9196872f95716df5bc643ebba13c97140b7a5ee5c8e75d1dea81"},
    {file = "grpcio-1.80.0-cp310-cp310-win32.whl", hash = "sha256:46c2390b59d67f84e882694d489f5b45707c657832d7934859ceb8c33f467069"},
    {file = "grpcio-1.80.0-cp310-cp310-win_amd64.whl", hash = "sha256:dc053420fc75749c961e2a4c906398d7c15725d36ccc04ae6d16093167223b58"},
    {file = "grpcio-1.80.0-cp311-cp311-linux_armv7l.whl", hash = "sha256:dfab85db094068ff42e2a3563f60ab3dddcc9d6488a35abf0132daec13209c8a"},
    {file = "grpcio-1.80.0-cp311-cp311-macosx_11_0_universal2.whl", hash = "sha256:5c07e82e822e1161354e32da2662f741a4944ea955f9f580ec8fb409dd6f6060"},
    {file = "grpcio-1.80.0-cp311-cp311-manylinux2014_aarch64.manylinux_2_17_aarch64.whl", hash = "sha256:ba0915d51fd4ced2db5ff719f84e270afe0e2d4c45a7bdb1e8d036e4502928c2"},
    {file = "grpcio-1.80.0-cp311-cp311-manylinux2014_i686.manylinux_2_17_i686.whl", hash = "sha256:3cb8130ba457d2aa09fa6b7c3ed6b6e4e6a2685fce63cb803d479576c4d80e21"},
    {file = "grpcio-1.80.0-cp311-cp311-manylinux2014_x86_64.manylinux_2_17_x86_64.whl", hash = "sha256:09e5e478b3d14afd23f12e49e8b44c8684ac3c5f08561c43a5b9691c54d136ab"},
    {file = "grpcio-1.80.0-cp311-cp311-musllinux_1_2_aarch64.whl", hash = "sha256:00168469238b022500e486c1c33916acf2f2a9b2c022202cf8a1885d2e3073c1"},
    {file = "grpcio-1.80.0-cp311-cp311-musllinux_1_2_i686.whl", hash = "sha256:8502122a3cc1714038e39a0b071acb1207ca7844208d5ea0d091317555ee7106"},
    {file = "grpcio-1.80.0-cp311-cp311-musllinux_1_2_x86_64.whl", hash = "sha256:ce1794f4ea6cc3ca29463f42d665c32ba1b964b48958a66497917fe9069f26e6"},
    {file = "grpcio-1.80.0-cp311-cp311-win32.whl", hash = "sha256:51b4a7189b0bef2aa30adce3c78f09c83526cf3dddb24c6a96555e3b97340440"},
    {file = "grpcio-1.80.0-cp311-cp311-win_amd64.whl", hash = "sha256:02e64bb0bb2da14d947a49e6f120a75e947250aebe65f9629b62bb1f5c14e6e9"},
    {file = "grpcio-1.80.0-cp312-cp312-linux_armv7l.whl", hash = "sha256:c624cc9f1008361014378c9d776de7182b11fe8b2e5a81bc69f23a295f2a1ad0"},
    {file = "grpcio-1.80.0-cp312-cp312-macosx_11_0_universal2.whl", hash = "sha256:f49eddcac43c3bf350c0385366a58f36bed8cc2c0ec35ef7b74b49e56552c0c2"},
    {file = "grpcio-1.80.0-cp312-cp312-manylinux2014_aarch64.manylinux_2_17_aarch64.whl", hash = "sha256:d334591df610ab94714048e0d5b4f3dd5ad1bee74dfec11eee344220077a79de"},
    {file = "grpcio-1.80.0-cp312-cp312-manylinux2014_i686.manylinux_2_17_i686.whl", hash = "sha256:0cb517eb1d0d0aaf1d87af7cc5b801d686557c1d88b2619f5e31fab3c2315921"},
    {file = "grpcio-1.80.0-cp312-cp312-manylinux2014_x86_64.manylinux_2_17_x86_64.whl", hash = "sha256:4e78c4ac0d97dc2e569b2f4bcbbb447491167cb358d1a389fc4af71ab6f70411"},
    {file = "grpcio-1.80.0-cp312-cp312-musllinux_1_2_aarch64.whl", hash = "sha256:2ed770b4c06984f3b47eb0517b1c69ad0b84ef3f40128f51448433be904634cd"},
    {file = "grpcio-1.80.0-cp312-cp312-musllinux_1_2_i686.whl", hash = "sha256:256507e2f524092f1473071a05e65a5b10d84b82e3ff24c5b571513cfaa61e2f"},
    {file = "grpcio-1.80.0-cp312-cp312-musllinux_1_2_x86_64.whl", hash = "sha256:9a6284a5d907c37db53350645567c522be314bac859a64a7a5ca63b77bb7958f"},
    {file = "grpcio-1.80.0-cp312-cp312-win32.whl", hash = "sha256:c71309cfce2f22be26aa4a847357c502db6c621f1a49825ae98aa0907595b193"},
    {file = "grpcio-1.80.0-cp312-cp312-win_amd64.whl", hash = "sha256:9fe648599c0e37594c4809d81a9e77bd138cc82eb8baa71b6a86af65426723ff"},
    {file = "grpcio-1.80.0-cp313-cp313-linux_armv7l.whl", hash = "sha256:e9e408fc016dffd20661f0126c53d8a31c2821b5c13c5d67a0f5ed5de93319ad"},
    {file = "grpcio-1.80.0-cp313-cp313-macosx_11_0_universal2.whl", hash = "sha256:92d787312e613754d4d8b9ca6d3297e69994a7912a32fa38c4c4e01c272974b0"},
    {file = "grpcio-1.80.0-cp313-cp313-manylinux2014_aarch64.manylinux_2_17_aarch64.whl", hash = "sha256:8ac393b58aa16991a2f1144ec578084d544038c12242da3a215966b512904d0f"},
    {file = "grpcio-1.80.0-cp313-cp313-manylinux2014_i686.manylinux_2_17_i686.whl", hash = "sha256:68e5851ac4b9afe07e7f84483803ad167852570d65326b34d54ca560bfa53fb6"},
    {file = "grpcio-1.80.0-cp313-cp313-manylinux2014_x86_64.manylinux_2_17_x86_64.whl", hash = "sha256:873ff5d17d68992ef6605330127425d2fc4e77e612fa3c3e0ed4e668685e3140"},
    {file = "grpcio-1.80.0-cp313-cp313-musllinux_1_2_aarch64.whl", hash = "sha256:2bea16af2750fd0a899bf1abd9022244418b55d1f37da2202249ba4ba673838d"},
    {file = "grpcio-1.80.0-cp313-cp313-musllinux_1_2_i686.whl", hash = "sha256:ba0db34f7e1d803a878284cd70e4c63cb6ae2510ba51937bf8f45ba997cefcf7"},
    {file = "grpcio-1.80.0-cp313-cp313-musllinux_1_2_x86_64.whl", hash = "sha256:8eb613f02d34721f1acf3626dfdb3545bd3c8505b0e52bf8b5710a28d02e8aa7"},
    {file = "grpcio-1.80.0-cp313-cp313-win32.whl", hash = "sha256:93b6f823810720912fd131f561f91f5fed0fda372b6b7028a2681b8194d5d294"},
    {file = "grpcio-1.80.0-cp313-cp313-win_amd64.whl", hash = "sha256:e172cf795a3ba5246d3529e4d34c53db70e888fa582a8ffebd2e6e48bc0cba50"},
    {file = "grpcio-1.80.0-cp314-cp314-linux_armv7l.whl", hash = "sha256:3d4147a97c8344d065d01bbf8b6acec2cf86fb0400d40696c8bdad34a64ffc0e"},
    {file = "grpcio-1.80.0-cp314-cp314-macosx_11_0_universal2.whl", hash = "sha256:d8e11f167935b3eb089ac9038e1a063e6d7dbe995c0bb4a661e614583352e76f"},
    {file = "grpcio-1.80.0-cp314-cp314-manylinux2014_aarch64.manylinux_2_17_aarch64.whl", hash = "sha256:f14b618fc30de822681ee986cfdcc2d9327229dc4c98aed16896761cacd468b9"},
    {file = "grpcio-1.80.0-cp314-cp314-manylinux2014_i686.manylinux_2_17_i686.whl", hash = "sha256:4ed39fbdcf9b87370f6e8df4e39ca7b38b3e5e9d1b0013c7b6be9639d6578d14"},
    {file = "grpcio-1.80.0-cp314-cp314-manylinux2014_x86_64.manylinux_2_17_x86_64.whl", hash = "sha256:2dcc70e9f0ba987526e8e8603a610fb4f460e42899e74e7a518bf3c68fe1bf05"},
    {file = "grpcio-1.80.0-cp314-cp314-musllinux_1_2_aarch64.whl", hash = "sha256:448c884b668b868562b1bda833c5fce6272d26e1926ec46747cda05741d302c1"},
    {file = "grpcio-1.80.0-cp314-cp314-musllinux_1_2_i686.whl", hash = "sha256:a1dc80fe55685b4a543555e6eef975303b36c8db1023b1599b094b92aa77965f"},
    {file = "grpcio-1.80.0-cp314-cp314-musllinux_1_2_x86_64.whl", hash = "sha256:31b9ac4ad1aa28ffee5503821fafd09e4da0a261ce1c1281c6c8da0423c83b6e"},
    {file = "grpcio-1.80.0-cp314-cp314-win32.whl", hash = "sha256:367ce30ba67d05e0592470428f0ec1c31714cab9ef19b8f2e37be1f4c7d32fae"},
    {file = "grpcio-1.80.0-cp314-cp314-win_amd64.whl", hash = "sha256:3b01e1f5464c583d2f567b2e46ff0d516ef979978f72091fd81f5ab7fa6e2e7f"},
    {file = "grpcio-1.80.0-cp39-cp39-linux_armv7l.whl", hash = "sha256:aacdfb4ed3eb919ca997504d27e03d5dba403c85130b8ed450308590a738f7a4"},
    {file = "grpcio-1.80.0-cp39-cp39-macosx_11_0_universal2.whl", hash = "sha256:a361c20ec1ccd3c3953d20fb6d7b4125093bdd10dff44c5e2bbb39e58917cedc"},
    {file = "grpcio-1.80.0-cp39-cp39-manylinux2014_aarch64.manylinux_2_17_aarch64.whl", hash = "sha256:43168871f170d1e4ed16ae03d10cd21efa29f190e710a624cee7e5ae07da6f4f"},
    {file = "grpcio-1.80.0-cp39-cp39-manylinux2014_i686.manylinux_2_17_i686.whl", hash = "sha256:1b97cd29a8eda100b559b455331c487a80915b6ea6bd91cf3e89836c4ee8d957"},
    {file = "grpcio-1.80.0-cp39-cp39-manylinux2014_x86_64.manylinux_2_17_x86_64.whl", hash = "sha256:bac1d573dfa84ce59a5547073e28fa7326d53352adda6912e362da0b917fcef4"},
    {file = "grpcio-1.80.0-cp39-cp39-musllinux_1_2_aarch64.whl", hash = "sha256:4560cf0e86514595dbbd330cd65b7afad4b5c4b8c4905c041cfffa138d45e6fd"},
    {file = "grpcio-1.80.0-cp39-cp39-musllinux_1_2_i686.whl", hash = "sha256:ec0a592e926071b4abad50c1495cd0d0d513324b3ff5e7267067c33ba27506e4"},
    {file = "grpcio-1.80.0-cp39-cp39-musllinux_1_2_x86_64.whl", hash = "sha256:deb10a1528473c11f72a0939eed36d83e847d7cbb63e8cc5611fb7a912d38614"},
    {file = "grpcio-1.80.0-cp39-cp39-win32.whl", hash = "sha256:627fb7312171cdc52828bd6fac8d7028ff2a64b89f1957b6f3416caa2218d141"},
    {file = "grpcio-1.80.0-cp39-cp39-win_amd64.whl", hash = "sha256:05d55e1798756282cddd52d56c896b3e7d673e3a8798c2f1cd05ba249a3bb4de"},
    {file = "grpcio-1.80.0.tar.gz", hash = "sha256:29aca15edd0688c22ba01d7cc01cb000d72b2033f4a3c72a81a19b56fd143257"},
]

[package.dependencies]
typing-extensions = ">=4.12,<5.0"

[package.extras]
protobuf = ["grpcio-tools (>=1.80.0)"]

[[package]]
name = "pydantic"
version = "1.10.26"
description = "Data validation and settings management using python type hints"
optional = false
python-versions = ">=3.7"
groups = ["main"]
files = [
    {file = "pydantic-1.10.26-cp310-cp310-macosx_10_9_x86_64.whl", hash = "sha256:f7ae36fa0ecef8d39884120f212e16c06bb096a38f523421278e2f39c1784546"},
    {file = "pydantic-1.10.26-cp310-cp310-macosx_11_0_arm64.whl", hash = "sha256:d95a76cf503f0f72ed7812a91de948440b2bf564269975738a4751e4fadeb572"},
    {file = "pydantic-1.10.26-cp310-cp310-manylinux2014_x86_64.manylinux_2_17_x86_64.whl", hash = "sha256:a943ce8e00ad708ed06a1d9df5b4fd28f5635a003b82a4908ece6f24c0b18464"},
    {file = "pydantic-1.10.26-cp310-cp310-musllinux_1_2_x86_64.whl", hash = "sha256:465ad8edb29b15c10b779b16431fe8e77c380098badf6db367b7a1d3e572cf53"},
    {file = "pydantic-1.10.26-cp310-cp310-win_amd64.whl", hash = "sha256:80e6be6272839c8a7641d26ad569ab77772809dd78f91d0068dc0fc97f071945"},
    {file = "pydantic-1.10.26-cp311-cp311-macosx_10_9_x86_64.whl", hash = "sha256:116233e53889bcc536f617e38c1b8337d7fa9c280f0fd7a4045947515a785637"},
    {file = "pydantic-1.10.26-cp311-cp311-macosx_11_0_arm64.whl", hash = "sha256:c3cfdd361addb6eb64ccd26ac356ad6514cee06a61ab26b27e16b5ed53108f77"},
    {file = "pydantic-1.10.26-cp311-cp311-manylinux2014_x86_64.manylinux_2_17_x86_64.whl", hash = "sha256:0e4451951a9a93bf9a90576f3e25240b47ee49ab5236adccb8eff6ac943adf0f"},
    {file = "pydantic-1.10.26-cp311-cp311-musllinux_1_2_x86_64.whl", hash = "sha256:9858ed44c6bea5f29ffe95308db9e62060791c877766c67dd5f55d072c8612b5"},
    {file = "pydantic-1.10.26-cp311-cp311-win_amd64.whl", hash = "sha256:ac1089f723e2106ebde434377d31239e00870a7563245072968e5af5cc4d33df"},
    {file = "pydantic-1.10.26-cp312-cp312-macosx_10_13_x86_64.whl", hash = "sha256:468d5b9cacfcaadc76ed0a4645354ab6f263ec01a63fb6d05630ea1df6ae453f"},
    {file = "pydantic-1.10.26-cp312-cp312-macosx_11_0_arm64.whl", hash = "sha256:2c1b0b914be31671000ca25cf7ea17fcaaa68cfeadf6924529c5c5aa24b7ab1f"},
    {file = "pydantic-1.10.26-cp312-cp312-manylinux2014_x86_64.manylinux_2_17_x86_64.whl", hash = "sha256:15b13b9f8ba8867095769e1156e0d7fbafa1f65b898dd40fd1c02e34430973cb"},
    {file = "pydantic-1.10.26-cp312-cp312-musllinux_1_2_x86_64.whl", hash = "sha256:ad7025ca324ae263d4313998e25078dcaec5f9ed0392c06dedb57e053cc8086b"},
    {file = "pydantic-1.10.26-cp312-cp312-win_amd64.whl", hash = "sha256:4482b299874dabb88a6c3759e3d85c6557c407c3b586891f7d808d8a38b66b9c"},
    {file = "pydantic-1.10.26-cp313-cp313-macosx_10_13_x86_64.whl", hash = "sha256:1ae7913bb40a96c87e3d3f6fe4e918ef53bf181583de4e71824360a9b11aef1c"},
    {file = "pydantic-1.10.26-cp313-cp313-macosx_11_0_arm64.whl", hash = "sha256:8154c13f58d4de5d3a856bb6c909c7370f41fb876a5952a503af6b975265f4ba"},
    {file = "pydantic-1.10.26-cp313-cp313-manylinux2014_x86_64.manylinux_2_17_x86_64.whl", hash = "sha256:f8af0507bf6118b054a9765fb2e402f18a8b70c964f420d95b525eb711122d62"},
    {file = "pydantic-1.10.26-cp313-cp313-musllinux_1_2_x86_64.whl", hash = "sha256:dcb5a7318fb43189fde6af6f21ac7149c4bcbcfffc54bc87b5becddc46084847"},
    {file = "pydantic-1.10.26-cp313-cp313-win_amd64.whl", hash = "sha256:71cde228bc0600cf8619f0ee62db050d1880dcc477eba0e90b23011b4ee0f314"},
    {file = "pydantic-1.10.26-cp314-cp314-macosx_10_15_x86_64.whl", hash = "sha256:6b40730cc81d53d515dc0b8bb5c9b43fadb9bed46de4a3c03bd95e8571616dba"},
    {file = "pydantic-1.10.26-cp314-cp314-macosx_11_0_arm64.whl", hash = "sha256:c3bbb9c0eecdf599e4db9b372fa9cc55be12e80a0d9c6d307950a39050cb0e37"},
    {file = "pydantic-1.10.26-cp314-cp314-manylinux2014_x86_64.manylinux_2_17_x86_64.whl", hash = "sha256:cc2e3fe7bc4993626ef6b6fa855defafa1d6f8996aa1caef2deb83c5ac4d043a"},
    {file = "pydantic-1.10.26-cp314-cp314-musllinux_1_2_x86_64.whl", hash = "sha256:36d9e46b588aaeb1dcd2409fa4c467fe0b331f3cc9f227b03a7a00643704e962"},
    {file = "pydantic-1.10.26-cp314-cp314-win_amd64.whl", hash = "sha256:81ce3c8616d12a7be31b4aadfd3434f78f6b44b75adbfaec2fe1ad4f7f999b8c"},
    {file = "pydantic-1.10.26-cp38-cp38-macosx_10_9_x86_64.whl", hash = "sha256:bc5c91a3b3106caf07ac6735ec6efad8ba37b860b9eb569923386debe65039ad"},
    {file = "pydantic-1.10.26-cp38-cp38-macosx_11_0_arm64.whl", hash = "sha256:dde599e0388e04778480d57f49355c9cc7916de818bf674de5d5429f2feebfb6"},
    {file = "pydantic-1.10.26-cp38-cp38-manylinux2014_x86_64.manylinux_2_17_x86_64.whl", hash = "sha256:8be08b5cfe88e58198722861c7aab737c978423c3a27300911767931e5311d0d"},
    {file = "pydantic-1.10.26-cp38-cp38-musllinux_1_2_x86_64.whl", hash = "sha256:0141f4bafe5eda539d98c9755128a9ea933654c6ca4306b5059fc87a01a38573"},
    {file = "pydantic-1.10.26-cp38-cp38-win_amd64.whl", hash = "sha256:eb664305ffca8a9766a8629303bb596607d77eae35bb5f32ff9245984881b638"},
    {file = "pydantic-1.10.26-cp39-cp39-macosx_10_9_x86_64.whl", hash = "sha256:502b9d30d18a2dfaf81b7302f6ba0e5853474b1c96212449eb4db912cb604b7d"},
    {file = "pydantic-1.10.26-cp39-cp39-macosx_11_0_arm64.whl", hash = "sha256:0d8f6087bf697dec3bf7ffcd7fe8362674f16519f3151789f33cbe8f1d19fc15"},
    {file = "pydantic-1.10.26-cp39-cp39-manylinux2014_x86_64.manylinux_2_17_x86_64.whl", hash = "sha256:dd40a99c358419910c85e6f5d22f9c56684c25b5e7abc40879b3b4a52f34ae90"},
    {file = "pydantic-1.10.26-cp39-cp39-musllinux_1_2_x86_64.whl", hash = "sha256:ce3293b86ca9f4125df02ff0a70be91bc7946522467cbd98e7f1493f340616ba"},
    {file = "pydantic-1.10.26-cp39-cp39-win_amd64.whl", hash = "sha256:1a4e3062b71ab1d5df339ba12c48f9ed5817c5de6cb92a961dd5c64bb32e7b96"},
    {file = "pydantic-1.10.26-py3-none-any.whl", hash = "sha256:c43ad70dc3ce7787543d563792426a16fd7895e14be4b194b5665e36459dd917"},
    {file = "pydantic-1.10.26.tar.gz", hash = "sha256:8c6aa39b494c5af092e690127c283d84f363ac36017106a9e66cb33a22ac412e"},
]

[package.dependencies]
typing-extensions = ">=4.2.0"

[package.extras]
dotenv = ["python-dotenv (>=0.10.4)"]
email = ["email-validator (>=1.0.3)"]

[[package]]
name = "pygments"
version = "2.20.0"
description = "Pygments is a syntax highlighting package written in Python."
optional = true
python-versions = ">=3.9"
groups = ["main"]
markers = "extra == \"cli\""
files = [
    {file = "pygments-2.20.0-py3-none-any.whl", hash = "sha256:81a9e26dd42fd28a23a2d169d86d7ac03b46e2f8b59ed4698fb4785f946d0176"},
    {file = "pygments-2.20.0.tar.gz", hash = "sha256:6757cd03768053ff99f3039c1a36d6c0aa0b263438fcab17520b30a303a82b5f"},
]

[package.extras]
windows-terminal = ["colorama (>=0.4.6)"]

[[package]]
name = "rich"
version = "12.6.0"
description = "Render rich text, tables, progress bars, syntax highlighting, markdown and more to the terminal"
optional = true
python-versions = ">=3.6.3,<4.0.0"
groups = ["main"]
markers = "extra == \"cli\""
files = [
    {file = "rich-12.6.0-py3-none-any.whl", hash = "sha256:a4eb26484f2c82589bd9a17c73d32a010b1e29d89f1604cd9bf3a2097b81bb5e"},
    {file = "rich-12.6.0.tar.gz", hash = "sha256:ba3a3775974105c221d31141f2c116f4fd65c5ceb0698657a11e9f295ec93fd0"},
]

[package.dependencies]
commonmark = ">=0.9.0,<0.10.0"
pygments = ">=2.6.0,<3.0.0"

[package.extras]
jupyter = ["ipywidgets (>=7.5.1,<8.0.0)"]

[[package]]
name = "typing-extensions"
version = "4.15.0"
description = "Backported and Experimental Type Hints for Python 3.9+"
optional = false
python-versions = ">=3.9"
groups = ["main"]
files = [
    {file = "typing_extensions-4.15.0-py3-none-any.whl", hash = "sha256:f0fa19c6845758ab08074a0cfa8b7aecb71c999ca73d62883bc25cc018c4e548"},
    {file = "typing_extensions-4.15.0.tar.gz", hash = "sha256:0cea48d173cc12fa28ecabc3b837ea3cf6f38c6d1136f85cbaaf598984861466"},
]

[extras]
cli = ["rich"]

[metadata]
lock-version = "2.1"
python-versions = "^3.9"
content-hash = "7b5193436ed9d45e5d4feada9aa805097eeb9fa6642aa557aeaeaa1d609a31d4"
